
Microsoft Visual Studio Solution File, Format Version 12.00
# Visual Studio Version 17
VisualStudioVersion = 17.14.36623.8
MinimumVisualStudioVersion = 10.0.40219.1
Project("{FAE04EC0-301F-11D3-BF4B-00C04F79EFBC}") = "GrapheneTrace.Core", "GrapheneTrace.Core\GrapheneTrace.Core.csproj", "{B57E9076-A35C-4119-847B-F82166501FA3}"
EndProject
Project("{FAE04EC0-301F-11D3-BF4B-00C04F79EFBC}") = "GrapheneTrace.Api", "GrapheneTrace.Api\GrapheneTrace.Api.csproj", "{F9C91BA4-4D8C-47A0-8086-B4110A12913C}"
EndProject
Project("{FAE04EC0-301F-11D3-BF4B-00C04F79EFBC}") = "GrapheneTrace.Client", "GrapheneTrace.Client\GrapheneTrace.Client.csproj", "{A81B7D42-1EA7-4BE1-A44C-DD482F01D358}"
EndProject
Global
	GlobalSection(SolutionConfigurationPlatforms) = preSolution
		Debug|Any CPU = Debug|Any CPU
		Release|Any CPU = Release|Any CPU
	EndGlobalSection
	GlobalSection(ProjectConfigurationPlatforms) = postSolution
		{B57E9076-A35C-4119-847B-F82166501FA3}.Debug|Any CPU.ActiveCfg = Debug|Any CPU
		{B57E9076-A35C-4119-847B-F82166501FA3}.Debug|Any CPU.Build.0 = Debug|Any CPU
		{B57E9076-A35C-4119-847B-F82166501FA3}.Release|Any CPU.ActiveCfg = Release|Any CPU
		{B57E9076-A35C-4119-847B-F82166501FA3}.Release|Any CPU.Build.0 = Release|Any CPU
		{F9C91BA4-4D8C-47A0-8086-B4110A12913C}.Debug|Any CPU.ActiveCfg = Debug|Any CPU
		{F9C91BA4-4D8C-47A0-8086-B4110A12913C}.Debug|Any CPU.Build.0 = Debug|Any CPU
		{F9C91BA4-4D8C-47A0-8086-B4110A12913C}.Release|Any CPU.ActiveCfg = Release|Any CPU
		{F9C91BA4-4D8C-47A0-8086-B4110A12913C}.Release|Any CPU.Build.0 = Release|Any CPU
		{A81B7D42-1EA7-4BE1-A44C-DD482F01D358}.Debug|Any CPU.ActiveCfg = Debug|Any CPU
		{A81B7D42-1EA7-4BE1-A44C-DD482F01D358}.Debug|Any CPU.Build.0 = Debug|Any CPU
		{A81B7D42-1EA7-4BE1-A44C-DD482F01D358}.Release|Any CPU.ActiveCfg = Release|Any CPU
		{A81B7D42-1EA7-4BE1-A44C-DD482F01D358}.Release|Any CPU.Build.0 = Release|Any CPU
	EndGlobalSection
	GlobalSection(SolutionProperties) = preSolution
		HideSolutionNode = FALSE
	EndGlobalSection
	GlobalSection(ExtensibilityGlobals) = postSolution
		SolutionGuid = {7A73BAB2-B4A5-4C72-9E9B-004DE61BADB1}
	EndGlobalSection
EndGlobal
